# @generated by Move, please check-in and do not edit manually.

[move]
version = 3
manifest_digest = "C754E540F25DD75214570E25E3F82166545B7E46FE839D390F912AAAAD210582"
deps_digest = "F8BBB0CCB2491CA29A3DF03D6F92277A4F3574266507ACD77214D37ECA3F3082"
dependencies = [
  { id = "Sui", name = "Sui" },
]

[[move.package]]
id = "MoveStdlib"
source = { git = "https://github.com/MystenLabs/sui.git", rev = "framework/testnet", subdir = "crates/sui-framework/packages/move-stdlib" }

[[move.package]]
id = "Sui"
source = { git = "https://github.com/MystenLabs/sui.git", rev = "framework/testnet", subdir = "crates/sui-framework/packages/sui-framework" }

dependencies = [
  { id = "MoveStdlib", name = "MoveStdlib" },
]

[move.toolchain-version]
compiler-version = "1.44.2"
edition = "2024"
flavor = "sui"

[env]

[env.local]
chain-id = "498744ec"
original-published-id = "0xd98ab9aae0e7f5351f9e53acff587a6969961bf4239859a6a05b33264aa8e0fa"
latest-published-id = "0xd98ab9aae0e7f5351f9e53acff587a6969961bf4239859a6a05b33264aa8e0fa"
published-version = "1"
